<?xml version="1.0" encoding="utf-8"?>
<Project ToolsVersion="4.0" xmlns="http://schemas.microsoft.com/developer/msbuild/2003">
  <ItemGroup>
    <Filter Include="Source">
      <UniqueIdentifier>{41fca333-e741-4fb7-9471-b005b612efb2}</UniqueIdentifier>
    </Filter>
    <Filter Include="Include">
      <UniqueIdentifier>{f1a5faa9-c37b-424a-a1e1-53f383033a72}</UniqueIdentifier>
    </Filter>
    <Filter Include="ThirdParty">
      <UniqueIdentifier>{9cafb4be-bd84-4dfe-a157-7862ee6f7717}</UniqueIdentifier>
    </Filter>
    <Filter Include="ThirdParty\ConcurrentQueue">
      <UniqueIdentifier>{e6be2eab-e694-431d-ac03-70a73a4e23b0}</UniqueIdentifier>
    </Filter>
  </ItemGroup>
  <ItemGroup>
    <ClInclude Include="ThirdParty\ConcurrentQueue\concurrentqueue.h">
      <Filter>ThirdParty\ConcurrentQueue</Filter>
    </ClInclude>
    <ClInclude Include="Include\Jobs\Assert.h">
      <Filter>Include</Filter>
    </ClInclude>
    <ClInclude Include="Include\Jobs\Counter.h">
      <Filter>Include</Filter>
    </ClInclude>
    <ClInclude Include="Include\Jobs\Fiber.h">
      <Filter>Include</Filter>
    </ClInclude>
    <ClInclude Include="Include\Jobs\Futex.h">
      <Filter>Include</Filter>
    </ClInclude>
    <ClInclude Include="Include\Jobs\Job.h">
      <Filter>Include</Filter>
    </ClInclude>
    <ClInclude Include="Include\Jobs\Logging.h">
      <Filter>Include</Filter>
    </ClInclude>
    <ClInclude Include="Include\Jobs\Manager.h">
      <Filter>Include</Filter>
    </ClInclude>
    <ClInclude Include="Include\Jobs\Spinlock.h">
      <Filter>Include</Filter>
    </ClInclude>
    <ClInclude Include="Include\Jobs\WindowsMinimal.h">
      <Filter>Include</Filter>
    </ClInclude>
    <ClInclude Include="Include\Jobs\Worker.h">
      <Filter>Include</Filter>
    </ClInclude>
    <ClInclude Include="Include\Jobs\Algorithm.h">
      <Filter>Include</Filter>
    </ClInclude>
    <ClInclude Include="Include\Jobs\FutexConditionVariable.h">
      <Filter>Include</Filter>
    </ClInclude>
    <ClInclude Include="Include\Jobs\DependencyAllocator.h">
      <Filter>Include</Filter>
    </ClInclude>
  </ItemGroup>
  <ItemGroup>
    <ClCompile Include="Source\Logging.cpp">
      <Filter>Source</Filter>
    </ClCompile>
    <ClCompile Include="Source\Fiber.cpp">
      <Filter>Source</Filter>
    </ClCompile>
    <ClCompile Include="Source\Manager.cpp">
      <Filter>Source</Filter>
    </ClCompile>
    <ClCompile Include="Source\Worker.cpp">
      <Filter>Source</Filter>
    </ClCompile>
    <ClCompile Include="Source\Futex.cpp">
      <Filter>Source</Filter>
    </ClCompile>
  </ItemGroup>
</Project>